// !$*UTF8*$!
{
	archiveVersion = 1;
	classes = {
	};
	objectVersion = 56;
	objects = {

/* Begin PBXBuildFile section */
		3D39B77D292CF892007AE783 /* AppDelegate.swift in Sources */ = {isa = PBXBuildFile; fileRef = 3D39B77C292CF892007AE783 /* AppDelegate.swift */; };
		3D39B77F292CF892007AE783 /* SceneDelegate.swift in Sources */ = {isa = PBXBuildFile; fileRef = 3D39B77E292CF892007AE783 /* SceneDelegate.swift */; };
		3D39B781292CF892007AE783 /* ViewController.swift in Sources */ = {isa = PBXBuildFile; fileRef = 3D39B780292CF892007AE783 /* ViewController.swift */; };
		3D39B784292CF892007AE783 /* Main.storyboard in Resources */ = {isa = PBXBuildFile; fileRef = 3D39B782292CF892007AE783 /* Main.storyboard */; };
		3D39B786292CF893007AE783 /* Assets.xcassets in Resources */ = {isa = PBXBuildFile; fileRef = 3D39B785292CF893007AE783 /* Assets.xcassets */; };
		3D39B789292CF893007AE783 /* LaunchScreen.storyboard in Resources */ = {isa = PBXBuildFile; fileRef = 3D39B787292CF893007AE783 /* LaunchScreen.storyboard */; };
		3D39B794292CF893007AE783 /* AccountBookTests.swift in Sources */ = {isa = PBXBuildFile; fileRef = 3D39B793292CF893007AE783 /* AccountBookTests.swift */; };
		3D39B79E292CF893007AE783 /* AccountBookUITests.swift in Sources */ = {isa = PBXBuildFile; fileRef = 3D39B79D292CF893007AE783 /* AccountBookUITests.swift */; };
		3D39B7A0292CF893007AE783 /* AccountBookUITestsLaunchTests.swift in Sources */ = {isa = PBXBuildFile; fileRef = 3D39B79F292CF893007AE783 /* AccountBookUITestsLaunchTests.swift */; };
/* End PBXBuildFile section */

/* Begin PBXContainerItemProxy section */
		3D39B790292CF893007AE783 /* PBXContainerItemProxy */ = {
			isa = PBXContainerItemProxy;
			containerPortal = 3D39B771292CF892007AE783 /* Project object */;
			proxyType = 1;
			remoteGlobalIDString = 3D39B778292CF892007AE783;
			remoteInfo = AccountBook;
		};
		3D39B79A292CF893007AE783 /* PBXContainerItemProxy */ = {
			isa = PBXContainerItemProxy;
			containerPortal = 3D39B771292CF892007AE783 /* Project object */;
			proxyType = 1;
			remoteGlobalIDString = 3D39B778292CF892007AE783;
			remoteInfo = AccountBook;
		};
/* End PBXContainerItemProxy section */

/* Begin PBXFileReference section */
		3D39B779292CF892007AE783 /* AccountBook.app */ = {isa = PBXFileReference; explicitFileType = wrapper.application; includeInIndex = 0; path = AccountBook.app; sourceTree = BUILT_PRODUCTS_DIR; };
		3D39B77C292CF892007AE783 /* AppDelegate.swift */ = {isa = PBXFileReference; lastKnownFileType = sourcecode.swift; path = AppDelegate.swift; sourceTree = "<group>"; };
		3D39B77E292CF892007AE783 /* SceneDelegate.swift */ = {isa = PBXFileReference; lastKnownFileType = sourcecode.swift; path = SceneDelegate.swift; sourceTree = "<group>"; };
		3D39B780292CF892007AE783 /* ViewController.swift */ = {isa = PBXFileReference; lastKnownFileType = sourcecode.swift; path = ViewController.swift; sourceTree = "<group>"; };
		3D39B783292CF892007AE783 /* Base */ = {isa = PBXFileReference; lastKnownFileType = file.storyboard; name = Base; path = Base.lproj/Main.storyboard; sourceTree = "<group>"; };
		3D39B785292CF893007AE783 /* Assets.xcassets */ = {isa = PBXFileReference; lastKnownFileType = folder.assetcatalog; path = Assets.xcassets; sourceTree = "<group>"; };
		3D39B788292CF893007AE783 /* Base */ = {isa = PBXFileReference; lastKnownFileType = file.storyboard; name = Base; path = Base.lproj/LaunchScreen.storyboard; sourceTree = "<group>"; };
		3D39B78A292CF893007AE783 /* Info.plist */ = {isa = PBXFileReference; lastKnownFileType = text.plist.xml; path = Info.plist; sourceTree = "<group>"; };
		3D39B78F292CF893007AE783 /* AccountBookTests.xctest */ = {isa = PBXFileReference; explicitFileType = wrapper.cfbundle; includeInIndex = 0; path = AccountBookTests.xctest; sourceTree = BUILT_PRODUCTS_DIR; };
		3D39B793292CF893007AE783 /* AccountBookTests.swift */ = {isa = PBXFileReference; lastKnownFileType = sourcecode.swift; path = AccountBookTests.swift; sourceTree = "<group>"; };
		3D39B799292CF893007AE783 /* AccountBookUITests.xctest */ = {isa = PBXFileReference; explicitFileType = wrapper.cfbundle; includeInIndex = 0; path = AccountBookUITests.xctest; sourceTree = BUILT_PRODUCTS_DIR; };
		3D39B79D292CF893007AE783 /* AccountBookUITests.swift */ = {isa = PBXFileReference; lastKnownFileType = sourcecode.swift; path = AccountBookUITests.swift; sourceTree = "<group>"; };
		3D39B79F292CF893007AE783 /* AccountBookUITestsLaunchTests.swift */ = {isa = PBXFileReference; lastKnownFileType = sourcecode.swift; path = AccountBookUITestsLaunchTests.swift; sourceTree = "<group>"; };
/* End PBXFileReference section */

/* Begin PBXFrameworksBuildPhase section */
		3D39B776292CF892007AE783 /* Frameworks */ = {
			isa = PBXFrameworksBuildPhase;
			buildActionMask = 2147483647;
			files = (
			);
			runOnlyForDeploymentPostprocessing = 0;
		};
		3D39B78C292CF893007AE783 /* Frameworks */ = {
			isa = PBXFrameworksBuildPhase;
			buildActionMask = 2147483647;
			files = (
			);
			runOnlyForDeploymentPostprocessing = 0;
		};
		3D39B796292CF893007AE783 /* Frameworks */ = {
			isa = PBXFrameworksBuildPhase;
			buildActionMask = 2147483647;
			files = (
			);
			runOnlyForDeploymentPostprocessing = 0;
		};
/* End PBXFrameworksBuildPhase section */

/* Begin PBXGroup section */
		3D39B770292CF892007AE783 = {
			isa = PBXGroup;
			children = (
				3D39B77B292CF892007AE783 /* AccountBook */,
				3D39B792292CF893007AE783 /* AccountBookTests */,
				3D39B79C292CF893007AE783 /* AccountBookUITests */,
				3D39B77A292CF892007AE783 /* Products */,
			);
			sourceTree = "<group>";
		};
		3D39B77A292CF892007AE783 /* Products */ = {
			isa = PBXGroup;
			children = (
				3D39B779292CF892007AE783 /* AccountBook.app */,
				3D39B78F292CF893007AE783 /* AccountBookTests.xctest */,
				3D39B799292CF893007AE783 /* AccountBookUITests.xctest */,
			);
			name = Products;
			sourceTree = "<group>";
		};
		3D39B77B292CF892007AE783 /* AccountBook */ = {
			isa = PBXGroup;
			children = (
				3D39B77C292CF892007AE783 /* AppDelegate.swift */,
				3D39B77E292CF892007AE783 /* SceneDelegate.swift */,
				3D39B780292CF892007AE783 /* ViewController.swift */,
				3D39B782292CF892007AE783 /* Main.storyboard */,
				3D39B785292CF893007AE783 /* Assets.xcassets */,
				3D39B787292CF893007AE783 /* LaunchScreen.storyboard */,
				3D39B78A292CF893007AE783 /* Info.plist */,
			);
			path = AccountBook;
			sourceTree = "<group>";
		};
		3D39B792292CF893007AE783 /* AccountBookTests */ = {
			isa = PBXGroup;
			children = (
				3D39B793292CF893007AE783 /* AccountBookTests.swift */,
			);
			path = AccountBookTests;
			sourceTree = "<group>";
		};
		3D39B79C292CF893007AE783 /* AccountBookUITests */ = {
			isa = PBXGroup;
			children = (
				3D39B79D292CF893007AE783 /* AccountBookUITests.swift */,
				3D39B79F292CF893007AE783 /* AccountBookUITestsLaunchTests.swift */,
			);
			path = AccountBookUITests;
			sourceTree = "<group>";
		};
/* End PBXGroup section */

/* Begin PBXNativeTarget section */
		3D39B778292CF892007AE783 /* AccountBook */ = {
			isa = PBXNativeTarget;
			buildConfigurationList = 3D39B7A3292CF893007AE783 /* Build configuration list for PBXNativeTarget "AccountBook" */;
			buildPhases = (
				3D39B775292CF892007AE783 /* Sources */,
				3D39B776292CF892007AE783 /* Frameworks */,
				3D39B777292CF892007AE783 /* Resources */,
			);
			buildRules = (
			);
			dependencies = (
			);
			name = AccountBook;
			productName = AccountBook;
			productReference = 3D39B779292CF892007AE783 /* AccountBook.app */;
			productType = "com.apple.product-type.application";
		};
		3D39B78E292CF893007AE783 /* AccountBookTests */ = {
			isa = PBXNativeTarget;
			buildConfigurationList = 3D39B7A6292CF893007AE783 /* Build configuration list for PBXNativeTarget "AccountBookTests" */;
			buildPhases = (
				3D39B78B292CF893007AE783 /* Sources */,
				3D39B78C292CF893007AE783 /* Frameworks */,
				3D39B78D292CF893007AE783 /* Resources */,
			);
			buildRules = (
			);
			dependencies = (
				3D39B791292CF893007AE783 /* PBXTargetDependency */,
			);
			name = AccountBookTests;
			productName = AccountBookTests;
			productReference = 3D39B78F292CF893007AE783 /* AccountBookTests.xctest */;
			productType = "com.apple.product-type.bundle.unit-test";
		};
		3D39B798292CF893007AE783 /* AccountBookUITests */ = {
			isa = PBXNativeTarget;
			buildConfigurationList = 3D39B7A9292CF893007AE783 /* Build configuration list for PBXNativeTarget "AccountBookUITests" */;
			buildPhases = (
				3D39B795292CF893007AE783 /* Sources */,
				3D39B796292CF893007AE783 /* Frameworks */,
				3D39B797292CF893007AE783 /* Resources */,
			);
			buildRules = (
			);
			dependencies = (
				3D39B79B292CF893007AE783 /* PBXTargetDependency */,
			);
			name = AccountBookUITests;
			productName = AccountBookUITests;
			productReference = 3D39B799292CF893007AE783 /* AccountBookUITests.xctest */;
			productType = "com.apple.product-type.bundle.ui-testing";
		};
/* End PBXNativeTarget section */

/* Begin PBXProject section */
		3D39B771292CF892007AE783 /* Project object */ = {
			isa = PBXProject;
			attributes = {
				BuildIndependentTargetsInParallel = 1;
				LastSwiftUpdateCheck = 1400;
				LastUpgradeCheck = 1400;
				TargetAttributes = {
					3D39B778292CF892007AE783 = {
						CreatedOnToolsVersion = 14.0.1;
					};
					3D39B78E292CF893007AE783 = {
						CreatedOnToolsVersion = 14.0.1;
						TestTargetID = 3D39B778292CF892007AE783;
					};
					3D39B798292CF893007AE783 = {
						CreatedOnToolsVersion = 14.0.1;
						TestTargetID = 3D39B778292CF892007AE783;
					};
				};
			};
			buildConfigurationList = 3D39B774292CF892007AE783 /* Build configuration list for PBXProject "AccountBook" */;
			compatibilityVersion = "Xcode 14.0";
			developmentRegion = en;
			hasScannedForEncodings = 0;
			knownRegions = (
				en,
				Base,
			);
			mainGroup = 3D39B770292CF892007AE783;
			productRefGroup = 3D39B77A292CF892007AE783 /* Products */;
			projectDirPath = "";
			projectRoot = "";
			targets = (
				3D39B778292CF892007AE783 /* AccountBook */,
				3D39B78E292CF893007AE783 /* AccountBookTests */,
				3D39B798292CF893007AE783 /* AccountBookUITests */,
			);
		};
/* End PBXProject section */

/* Begin PBXResourcesBuildPhase section */
		3D39B777292CF892007AE783 /* Resources */ = {
			isa = PBXResourcesBuildPhase;
			buildActionMask = 2147483647;
			files = (
				3D39B789292CF893007AE783 /* LaunchScreen.storyboard in Resources */,
				3D39B786292CF893007AE783 /* Assets.xcassets in Resources */,
				3D39B784292CF892007AE783 /* Main.storyboard in Resources */,
			);
			runOnlyForDeploymentPostprocessing = 0;
		};
		3D39B78D292CF893007AE783 /* Resources */ = {
			isa = PBXResourcesBuildPhase;
			buildActionMask = 2147483647;
			files = (
			);
			runOnlyForDeploymentPostprocessing = 0;
		};
		3D39B797292CF893007AE783 /* Resources */ = {
			isa = PBXResourcesBuildPhase;
			buildActionMask = 2147483647;
			files = (
			);
			runOnlyForDeploymentPostprocessing = 0;
		};
/* End PBXResourcesBuildPhase section */

/* Begin PBXSourcesBuildPhase section */
		3D39B775292CF892007AE783 /* Sources */ = {
			isa = PBXSourcesBuildPhase;
			buildActionMask = 2147483647;
			files = (
				3D39B781292CF892007AE783 /* ViewController.swift in Sources */,
				3D39B77D292CF892007AE783 /* AppDelegate.swift in Sources */,
				3D39B77F292CF892007AE783 /* SceneDelegate.swift in Sources */,
			);
			runOnlyForDeploymentPostprocessing = 0;
		};
		3D39B78B292CF893007AE783 /* Sources */ = {
			isa = PBXSourcesBuildPhase;
			buildActionMask = 2147483647;
			files = (
				3D39B794292CF893007AE783 /* AccountBookTests.swift in Sources */,
			);
			runOnlyForDeploymentPostprocessing = 0;
		};
		3D39B795292CF893007AE783 /* Sources */ = {
			isa = PBXSourcesBuildPhase;
			buildActionMask = 2147483647;
			files = (
				3D39B79E292CF893007AE783 /* AccountBookUITests.swift in Sources */,
				3D39B7A0292CF893007AE783 /* AccountBookUITestsLaunchTests.swift in Sources */,
			);
			runOnlyForDeploymentPostprocessing = 0;
		};
/* End PBXSourcesBuildPhase section */

/* Begin PBXTargetDependency section */
		3D39B791292CF893007AE783 /* PBXTargetDependency */ = {
			isa = PBXTargetDependency;
			target = 3D39B778292CF892007AE783 /* AccountBook */;
			targetProxy = 3D39B790292CF893007AE783 /* PBXContainerItemProxy */;
		};
		3D39B79B292CF893007AE783 /* PBXTargetDependency */ = {
			isa = PBXTargetDependency;
			target = 3D39B778292CF892007AE783 /* AccountBook */;
			targetProxy = 3D39B79A292CF893007AE783 /* PBXContainerItemProxy */;
		};
/* End PBXTargetDependency section */

/* Begin PBXVariantGroup section */
		3D39B782292CF892007AE783 /* Main.storyboard */ = {
			isa = PBXVariantGroup;
			children = (
				3D39B783292CF892007AE783 /* Base */,
			);
			name = Main.storyboard;
			sourceTree = "<group>";
		};
		3D39B787292CF893007AE783 /* LaunchScreen.storyboard */ = {
			isa = PBXVariantGroup;
			children = (
				3D39B788292CF893007AE783 /* Base */,
			);
			name = LaunchScreen.storyboard;
			sourceTree = "<group>";
		};
/* End PBXVariantGroup section */

/* Begin XCBuildConfiguration section */
		3D39B7A1292CF893007AE783 /* Debug */ = {
			isa = XCBuildConfiguration;
			buildSettings = {
				ALWAYS_SEARCH_USER_PATHS = NO;
				CLANG_ANALYZER_NONNULL = YES;
				CLANG_ANALYZER_NUMBER_OBJECT_CONVERSION = YES_AGGRESSIVE;
				CLANG_CXX_LANGUAGE_STANDARD = "gnu++20";
				CLANG_ENABLE_MODULES = YES;
				CLANG_ENABLE_OBJC_ARC = YES;
				CLANG_ENABLE_OBJC_WEAK = YES;
				CLANG_WARN_BLOCK_CAPTURE_AUTORELEASING = YES;
				CLANG_WARN_BOOL_CONVERSION = YES;
				CLANG_WARN_COMMA = YES;
				CLANG_WARN_CONSTANT_CONVERSION = YES;
				CLANG_WARN_DEPRECATED_OBJC_IMPLEMENTATIONS = YES;
				CLANG_WARN_DIRECT_OBJC_ISA_USAGE = YES_ERROR;
				CLANG_WARN_DOCUMENTATION_COMMENTS = YES;
				CLANG_WARN_EMPTY_BODY = YES;
				CLANG_WARN_ENUM_CONVERSION = YES;
				CLANG_WARN_INFINITE_RECURSION = YES;
				CLANG_WARN_INT_CONVERSION = YES;
				CLANG_WARN_NON_LITERAL_NULL_CONVERSION = YES;
				CLANG_WARN_OBJC_IMPLICIT_RETAIN_SELF = YES;
				CLANG_WARN_OBJC_LITERAL_CONVERSION = YES;
				CLANG_WARN_OBJC_ROOT_CLASS = YES_ERROR;
				CLANG_WARN_QUOTED_INCLUDE_IN_FRAMEWORK_HEADER = YES;
				CLANG_WARN_RANGE_LOOP_ANALYSIS = YES;
				CLANG_WARN_STRICT_PROTOTYPES = YES;
				CLANG_WARN_SUSPICIOUS_MOVE = YES;
				CLANG_WARN_UNGUARDED_AVAILABILITY = YES_AGGRESSIVE;
				CLANG_WARN_UNREACHABLE_CODE = YES;
				CLANG_WARN__DUPLICATE_METHOD_MATCH = YES;
				COPY_PHASE_STRIP = NO;
				DEBUG_INFORMATION_FORMAT = dwarf;
				ENABLE_STRICT_OBJC_MSGSEND = YES;
				ENABLE_TESTABILITY = YES;
				GCC_C_LANGUAGE_STANDARD = gnu11;
				GCC_DYNAMIC_NO_PIC = NO;
				GCC_NO_COMMON_BLOCKS = YES;
				GCC_OPTIMIZATION_LEVEL = 0;
				GCC_PREPROCESSOR_DEFINITIONS = (
					"DEBUG=1",
					"$(inherited)",
				);
				GCC_WARN_64_TO_32_BIT_CONVERSION = YES;
				GCC_WARN_ABOUT_RETURN_TYPE = YES_ERROR;
				GCC_WARN_UNDECLARED_SELECTOR = YES;
				GCC_WARN_UNINITIALIZED_AUTOS = YES_AGGRESSIVE;
				GCC_WARN_UNUSED_FUNCTION = YES;
				GCC_WARN_UNUSED_VARIABLE = YES;
				IPHONEOS_DEPLOYMENT_TARGET = 16.0;
				MTL_ENABLE_DEBUG_INFO = INCLUDE_SOURCE;
				MTL_FAST_MATH = YES;
				ONLY_ACTIVE_ARCH = YES;
				SDKROOT = iphoneos;
				SWIFT_ACTIVE_COMPILATION_CONDITIONS = DEBUG;
				SWIFT_OPTIMIZATION_LEVEL = "-Onone";
			};
			name = Debug;
		};
		3D39B7A2292CF893007AE783 /* Release */ = {
			isa = XCBuildConfiguration;
			buildSettings = {
				ALWAYS_SEARCH_USER_PATHS = NO;
				CLANG_ANALYZER_NONNULL = YES;
				CLANG_ANALYZER_NUMBER_OBJECT_CONVERSION = YES_AGGRESSIVE;
				CLANG_CXX_LANGUAGE_STANDARD = "gnu++20";
				CLANG_ENABLE_MODULES = YES;
				CLANG_ENABLE_OBJC_ARC = YES;
				CLANG_ENABLE_OBJC_WEAK = YES;
				CLANG_WARN_BLOCK_CAPTURE_AUTORELEASING = YES;
				CLANG_WARN_BOOL_CONVERSION = YES;
				CLANG_WARN_COMMA = YES;
				CLANG_WARN_CONSTANT_CONVERSION = YES;
				CLANG_WARN_DEPRECATED_OBJC_IMPLEMENTATIONS = YES;
				CLANG_WARN_DIRECT_OBJC_ISA_USAGE = YES_ERROR;
				CLANG_WARN_DOCUMENTATION_COMMENTS = YES;
				CLANG_WARN_EMPTY_BODY = YES;
				CLANG_WARN_ENUM_CONVERSION = YES;
				CLANG_WARN_INFINITE_RECURSION = YES;
				CLANG_WARN_INT_CONVERSION = YES;
				CLANG_WARN_NON_LITERAL_NULL_CONVERSION = YES;
				CLANG_WARN_OBJC_IMPLICIT_RETAIN_SELF = YES;
				CLANG_WARN_OBJC_LITERAL_CONVERSION = YES;
				CLANG_WARN_OBJC_ROOT_CLASS = YES_ERROR;
				CLANG_WARN_QUOTED_INCLUDE_IN_FRAMEWORK_HEADER = YES;
				CLANG_WARN_RANGE_LOOP_ANALYSIS = YES;
				CLANG_WARN_STRICT_PROTOTYPES = YES;
				CLANG_WARN_SUSPICIOUS_MOVE = YES;
				CLANG_WARN_UNGUARDED_AVAILABILITY = YES_AGGRESSIVE;
				CLANG_WARN_UNREACHABLE_CODE = YES;
				CLANG_WARN__DUPLICATE_METHOD_MATCH = YES;
				COPY_PHASE_STRIP = NO;
				DEBUG_INFORMATION_FORMAT = "dwarf-with-dsym";
				ENABLE_NS_ASSERTIONS = NO;
				ENABLE_STRICT_OBJC_MSGSEND = YES;
				GCC_C_LANGUAGE_STANDARD = gnu11;
				GCC_NO_COMMON_BLOCKS = YES;
				GCC_WARN_64_TO_32_BIT_CONVERSION = YES;
				GCC_WARN_ABOUT_RETURN_TYPE = YES_ERROR;
				GCC_WARN_UNDECLARED_SELECTOR = YES;
				GCC_WARN_UNINITIALIZED_AUTOS = YES_AGGRESSIVE;
				GCC_WARN_UNUSED_FUNCTION = YES;
				GCC_WARN_UNUSED_VARIABLE = YES;
				IPHONEOS_DEPLOYMENT_TARGET = 16.0;
				MTL_ENABLE_DEBUG_INFO = NO;
				MTL_FAST_MATH = YES;
				SDKROOT = iphoneos;
				SWIFT_COMPILATION_MODE = wholemodule;
				SWIFT_OPTIMIZATION_LEVEL = "-O";
				VALIDATE_PRODUCT = YES;
			};
			name = Release;
		};
		3D39B7A4292CF893007AE783 /* Debug */ = {
			isa = XCBuildConfiguration;
			buildSettings = {
				ASSETCATALOG_COMPILER_APPICON_NAME = AppIcon;
				ASSETCATALOG_COMPILER_GLOBAL_ACCENT_COLOR_NAME = AccentColor;
				CODE_SIGN_STYLE = Automatic;
				CURRENT_PROJECT_VERSION = 1;
				DEVELOPMENT_TEAM = WG887QB5A6;
				GENERATE_INFOPLIST_FILE = YES;
				INFOPLIST_FILE = AccountBook/Info.plist;
				INFOPLIST_KEY_UIApplicationSupportsIndirectInputEvents = YES;
				INFOPLIST_KEY_UILaunchStoryboardName = LaunchScreen;
				INFOPLIST_KEY_UIMainStoryboardFile = Main;
				INFOPLIST_KEY_UISupportedInterfaceOrientations_iPad = "UIInterfaceOrientationPortrait UIInterfaceOrientationPortraitUpsideDown UIInterfaceOrientationLandscapeLeft UIInterfaceOrientationLandscapeRight";
				INFOPLIST_KEY_UISupportedInterfaceOrientations_iPhone = "UIInterfaceOrientationPortrait UIInterfaceOrientationLandscapeLeft UIInterfaceOrientationLandscapeRight";
				LD_RUNPATH_SEARCH_PATHS = (
					"$(inherited)",
					"@executable_path/Frameworks",
				);
				MARKETING_VERSION = 1.0;
				PRODUCT_BUNDLE_IDENTIFIER = com.meng.AccountBook;
				PRODUCT_NAME = "$(TARGET_NAME)";
				SWIFT_EMIT_LOC_STRINGS = YES;
				SWIFT_VERSION = 5.0;
				TARGETED_DEVICE_FAMILY = "1,2";
			};
			name = Debug;
		};
		3D39B7A5292CF893007AE783 /* Release */ = {
			isa = XCBuildConfiguration;
			buildSettings = {
				ASSETCATALOG_COMPILER_APPICON_NAME = AppIcon;
				ASSETCATALOG_COMPILER_GLOBAL_ACCENT_COLOR_NAME = AccentColor;
				CODE_SIGN_STYLE = Automatic;
				CURRENT_PROJECT_VERSION = 1;
				DEVELOPMENT_TEAM = WG887QB5A6;
				GENERATE_INFOPLIST_FILE = YES;
				INFOPLIST_FILE = AccountBook/Info.plist;
				INFOPLIST_KEY_UIApplicationSupportsIndirectInputEvents = YES;
				INFOPLIST_KEY_UILaunchStoryboardName = LaunchScreen;
				INFOPLIST_KEY_UIMainStoryboardFile = Main;
				INFOPLIST_KEY_UISupportedInterfaceOrientations_iPad = "UIInterfaceOrientationPortrait UIInterfaceOrientationPortraitUpsideDown UIInterfaceOrientationLandscapeLeft UIInterfaceOrientationLandscapeRight";
				INFOPLIST_KEY_UISupportedInterfaceOrientations_iPhone = "UIInterfaceOrientationPortrait UIInterfaceOrientationLandscapeLeft UIInterfaceOrientationLandscapeRight";
				LD_RUNPATH_SEARCH_PATHS = (
					"$(inherited)",
					"@executable_path/Frameworks",
				);
				MARKETING_VERSION = 1.0;
				PRODUCT_BUNDLE_IDENTIFIER = com.meng.AccountBook;
				PRODUCT_NAME = "$(TARGET_NAME)";
				SWIFT_EMIT_LOC_STRINGS = YES;
				SWIFT_VERSION = 5.0;
				TARGETED_DEVICE_FAMILY = "1,2";
			};
			name = Release;
		};
		3D39B7A7292CF893007AE783 /* Debug */ = {
			isa = XCBuildConfiguration;
			buildSettings = {
				ALWAYS_EMBED_SWIFT_STANDARD_LIBRARIES = YES;
				BUNDLE_LOADER = "$(TEST_HOST)";
				CODE_SIGN_STYLE = Automatic;
				CURRENT_PROJECT_VERSION = 1;
				DEVELOPMENT_TEAM = WG887QB5A6;
				GENERATE_INFOPLIST_FILE = YES;
				IPHONEOS_DEPLOYMENT_TARGET = 16.0;
				MARKETING_VERSION = 1.0;
				PRODUCT_BUNDLE_IDENTIFIER = com.meng.AccountBookTests;
				PRODUCT_NAME = "$(TARGET_NAME)";
				SWIFT_EMIT_LOC_STRINGS = NO;
				SWIFT_VERSION = 5.0;
				TARGETED_DEVICE_FAMILY = "1,2";
				TEST_HOST = "$(BUILT_PRODUCTS_DIR)/AccountBook.app/$(BUNDLE_EXECUTABLE_FOLDER_PATH)/AccountBook";
			};
			name = Debug;
		};
		3D39B7A8292CF893007AE783 /* Release */ = {
			isa = XCBuildConfiguration;
			buildSettings = {
				ALWAYS_EMBED_SWIFT_STANDARD_LIBRARIES = YES;
				BUNDLE_LOADER = "$(TEST_HOST)";
				CODE_SIGN_STYLE = Automatic;
				CURRENT_PROJECT_VERSION = 1;
				DEVELOPMENT_TEAM = WG887QB5A6;
				GENERATE_INFOPLIST_FILE = YES;
				IPHONEOS_DEPLOYMENT_TARGET = 16.0;
				MARKETING_VERSION = 1.0;
				PRODUCT_BUNDLE_IDENTIFIER = com.meng.AccountBookTests;
				PRODUCT_NAME = "$(TARGET_NAME)";
				SWIFT_EMIT_LOC_STRINGS = NO;
				SWIFT_VERSION = 5.0;
				TARGETED_DEVICE_FAMILY = "1,2";
				TEST_HOST = "$(BUILT_PRODUCTS_DIR)/AccountBook.app/$(BUNDLE_EXECUTABLE_FOLDER_PATH)/AccountBook";
			};
			name = Release;
		};
		3D39B7AA292CF893007AE783 /* Debug */ = {
			isa = XCBuildConfiguration;
			buildSettings = {
				ALWAYS_EMBED_SWIFT_STANDARD_LIBRARIES = YES;
				CODE_SIGN_STYLE = Automatic;
				CURRENT_PROJECT_VERSION = 1;
				DEVELOPMENT_TEAM = WG887QB5A6;
				GENERATE_INFOPLIST_FILE = YES;
				MARKETING_VERSION = 1.0;
				PRODUCT_BUNDLE_IDENTIFIER = com.meng.AccountBookUITests;
				PRODUCT_NAME = "$(TARGET_NAME)";
				SWIFT_EMIT_LOC_STRINGS = NO;
				SWIFT_VERSION = 5.0;
				TARGETED_DEVICE_FAMILY = "1,2";
				TEST_TARGET_NAME = AccountBook;
			};
			name = Debug;
		};
		3D39B7AB292CF893007AE783 /* Release */ = {
			isa = XCBuildConfiguration;
			buildSettings = {
				ALWAYS_EMBED_SWIFT_STANDARD_LIBRARIES = YES;
				CODE_SIGN_STYLE = Automatic;
				CURRENT_PROJECT_VERSION = 1;
				DEVELOPMENT_TEAM = WG887QB5A6;
				GENERATE_INFOPLIST_FILE = YES;
				MARKETING_VERSION = 1.0;
				PRODUCT_BUNDLE_IDENTIFIER = com.meng.AccountBookUITests;
				PRODUCT_NAME = "$(TARGET_NAME)";
				SWIFT_EMIT_LOC_STRINGS = NO;
				SWIFT_VERSION = 5.0;
				TARGETED_DEVICE_FAMILY = "1,2";
				TEST_TARGET_NAME = AccountBook;
			};
			name = Release;
		};
/* End XCBuildConfiguration section */

/* Begin XCConfigurationList section */
		3D39B774292CF892007AE783 /* Build configuration list for PBXProject "AccountBook" */ = {
			isa = XCConfigurationList;
			buildConfigurations = (
				3D39B7A1292CF893007AE783 /* Debug */,
				3D39B7A2292CF893007AE783 /* Release */,
			);
			defaultConfigurationIsVisible = 0;
			defaultConfigurationName = Release;
		};
		3D39B7A3292CF893007AE783 /* Build configuration list for PBXNativeTarget "AccountBook" */ = {
			isa = XCConfigurationList;
			buildConfigurations = (
				3D39B7A4292CF893007AE783 /* Debug */,
				3D39B7A5292CF893007AE783 /* Release */,
			);
			defaultConfigurationIsVisible = 0;
			defaultConfigurationName = Release;
		};
		3D39B7A6292CF893007AE783 /* Build configuration list for PBXNativeTarget "AccountBookTests" */ = {
			isa = XCConfigurationList;
			buildConfigurations = (
				3D39B7A7292CF893007AE783 /* Debug */,
				3D39B7A8292CF893007AE783 /* Release */,
			);
			defaultConfigurationIsVisible = 0;
			defaultConfigurationName = Release;
		};
		3D39B7A9292CF893007AE783 /* Build configuration list for PBXNativeTarget "AccountBookUITests" */ = {
			isa = XCConfigurationList;
			buildConfigurations = (
				3D39B7AA292CF893007AE783 /* Debug */,
				3D39B7AB292CF893007AE783 /* Release */,
			);
			defaultConfigurationIsVisible = 0;
			defaultConfigurationName = Release;
		};
/* End XCConfigurationList section */
	};
	rootObject = 3D39B771292CF892007AE783 /* Project object */;
}
