// !$*UTF8*$!
{
	archiveVersion = 1;
	classes = {
	};
	objectVersion = 56;
	objects = {

/* Begin PBXBuildFile section */
		3B1706A112A7C3E457B01A05 /* Pods_AccountBook.framework in Frameworks */ = {isa = PBXBuildFile; fileRef = 9ABA34015DF8FF5919D5CA09 /* Pods_AccountBook.framework */; };
		3BA85020CAF598B0ACE362A2 /* Pods_AccountBookTests.framework in Frameworks */ = {isa = PBXBuildFile; fileRef = EE7D704507DDE46B56FD40E6 /* Pods_AccountBookTests.framework */; };
		3D2BC3F8295AC66600CE4AE6 /* NewSubcategoryViewController.swift in Sources */ = {isa = PBXBuildFile; fileRef = 3D2BC3F7295AC66600CE4AE6 /* NewSubcategoryViewController.swift */; };
		3D2BC3FA295AC9EF00CE4AE6 /* SubCategory.swift in Sources */ = {isa = PBXBuildFile; fileRef = 3D2BC3F9295AC9EF00CE4AE6 /* SubCategory.swift */; };
		3D2BC3FC295ACF7E00CE4AE6 /* SubCategoryCell.swift in Sources */ = {isa = PBXBuildFile; fileRef = 3D2BC3FB295ACF7E00CE4AE6 /* SubCategoryCell.swift */; };
		3D2C4FFA296549A5007215E4 /* SignUpViewController.swift in Sources */ = {isa = PBXBuildFile; fileRef = 3D2C4FF9296549A5007215E4 /* SignUpViewController.swift */; };
		3D39B77D292CF892007AE783 /* AppDelegate.swift in Sources */ = {isa = PBXBuildFile; fileRef = 3D39B77C292CF892007AE783 /* AppDelegate.swift */; };
		3D39B77F292CF892007AE783 /* SceneDelegate.swift in Sources */ = {isa = PBXBuildFile; fileRef = 3D39B77E292CF892007AE783 /* SceneDelegate.swift */; };
		3D39B784292CF892007AE783 /* Main.storyboard in Resources */ = {isa = PBXBuildFile; fileRef = 3D39B782292CF892007AE783 /* Main.storyboard */; };
		3D39B786292CF893007AE783 /* Assets.xcassets in Resources */ = {isa = PBXBuildFile; fileRef = 3D39B785292CF893007AE783 /* Assets.xcassets */; };
		3D39B789292CF893007AE783 /* LaunchScreen.storyboard in Resources */ = {isa = PBXBuildFile; fileRef = 3D39B787292CF893007AE783 /* LaunchScreen.storyboard */; };
		3D39B794292CF893007AE783 /* AccountBookTests.swift in Sources */ = {isa = PBXBuildFile; fileRef = 3D39B793292CF893007AE783 /* AccountBookTests.swift */; };
		3D39B79E292CF893007AE783 /* AccountBookUITests.swift in Sources */ = {isa = PBXBuildFile; fileRef = 3D39B79D292CF893007AE783 /* AccountBookUITests.swift */; };
		3D39B7A0292CF893007AE783 /* AccountBookUITestsLaunchTests.swift in Sources */ = {isa = PBXBuildFile; fileRef = 3D39B79F292CF893007AE783 /* AccountBookUITestsLaunchTests.swift */; };
		3D39B7AD292CF8BF007AE783 /* AccountBook.swift in Sources */ = {isa = PBXBuildFile; fileRef = 3D39B7AC292CF8BF007AE783 /* AccountBook.swift */; };
		3D39B7B0292CFE3E007AE783 /* AccountBookListViewController.swift in Sources */ = {isa = PBXBuildFile; fileRef = 3D39B7AF292CFE3E007AE783 /* AccountBookListViewController.swift */; };
		3D39B7B3292D02C3007AE783 /* SummaryCell.swift in Sources */ = {isa = PBXBuildFile; fileRef = 3D39B7B2292D02C3007AE783 /* SummaryCell.swift */; };
		3D51CC1D293F7BFD005620C2 /* NewContentViewController.swift in Sources */ = {isa = PBXBuildFile; fileRef = 3D51CC1C293F7BFD005620C2 /* NewContentViewController.swift */; };
		3D51CC1F293F84C3005620C2 /* NewAccountBookViewModel.swift in Sources */ = {isa = PBXBuildFile; fileRef = 3D51CC1E293F84C3005620C2 /* NewAccountBookViewModel.swift */; };
		3D63E7602963C38A00CD742E /* Login.storyboard in Resources */ = {isa = PBXBuildFile; fileRef = 3D63E75F2963C38A00CD742E /* Login.storyboard */; };
		3D63E7622963C3A300CD742E /* LoginViewController.swift in Sources */ = {isa = PBXBuildFile; fileRef = 3D63E7612963C3A300CD742E /* LoginViewController.swift */; };
		3D653B92293C7FEC005365AC /* NewAccountBook.storyboard in Resources */ = {isa = PBXBuildFile; fileRef = 3D653B91293C7FEC005365AC /* NewAccountBook.storyboard */; };
		3D653B94293C801A005365AC /* NewAccountBookViewController.swift in Sources */ = {isa = PBXBuildFile; fileRef = 3D653B93293C801A005365AC /* NewAccountBookViewController.swift */; };
		3D67F050293633E500095700 /* Summary.swift in Sources */ = {isa = PBXBuildFile; fileRef = 3D67F04F293633E500095700 /* Summary.swift */; };
		3DC7D1BC292D1706008C5D7A /* AccountBookListViewModel.swift in Sources */ = {isa = PBXBuildFile; fileRef = 3DC7D1BB292D1706008C5D7A /* AccountBookListViewModel.swift */; };
		3DC7D1BE292D1B82008C5D7A /* AccountBookListCell.swift in Sources */ = {isa = PBXBuildFile; fileRef = 3DC7D1BD292D1B82008C5D7A /* AccountBookListCell.swift */; };
		3DEA1ED629437FDE0059F6C7 /* GoogleService-Info.plist in Resources */ = {isa = PBXBuildFile; fileRef = 3DEA1ED529437FDE0059F6C7 /* GoogleService-Info.plist */; };
		DFEC2C793AAE42118F5E0B7B /* Pods_AccountBook_AccountBookUITests.framework in Frameworks */ = {isa = PBXBuildFile; fileRef = E383F18F5D5DA25CDBF0548F /* Pods_AccountBook_AccountBookUITests.framework */; };
/* End PBXBuildFile section */

/* Begin PBXContainerItemProxy section */
		3D39B790292CF893007AE783 /* PBXContainerItemProxy */ = {
			isa = PBXContainerItemProxy;
			containerPortal = 3D39B771292CF892007AE783 /* Project object */;
			proxyType = 1;
			remoteGlobalIDString = 3D39B778292CF892007AE783;
			remoteInfo = AccountBook;
		};
		3D39B79A292CF893007AE783 /* PBXContainerItemProxy */ = {
			isa = PBXContainerItemProxy;
			containerPortal = 3D39B771292CF892007AE783 /* Project object */;
			proxyType = 1;
			remoteGlobalIDString = 3D39B778292CF892007AE783;
			remoteInfo = AccountBook;
		};
/* End PBXContainerItemProxy section */

/* Begin PBXFileReference section */
		1C89611A2D8B45BCF9CD4EFF /* Pods-AccountBook-AccountBookUITests.release.xcconfig */ = {isa = PBXFileReference; includeInIndex = 1; lastKnownFileType = text.xcconfig; name = "Pods-AccountBook-AccountBookUITests.release.xcconfig"; path = "Target Support Files/Pods-AccountBook-AccountBookUITests/Pods-AccountBook-AccountBookUITests.release.xcconfig"; sourceTree = "<group>"; };
		3B17E897DE8D4FCFAAAE22AF /* Pods-AccountBook.release.xcconfig */ = {isa = PBXFileReference; includeInIndex = 1; lastKnownFileType = text.xcconfig; name = "Pods-AccountBook.release.xcconfig"; path = "Target Support Files/Pods-AccountBook/Pods-AccountBook.release.xcconfig"; sourceTree = "<group>"; };
		3D2BC3F7295AC66600CE4AE6 /* NewSubcategoryViewController.swift */ = {isa = PBXFileReference; lastKnownFileType = sourcecode.swift; path = NewSubcategoryViewController.swift; sourceTree = "<group>"; };
		3D2BC3F9295AC9EF00CE4AE6 /* SubCategory.swift */ = {isa = PBXFileReference; lastKnownFileType = sourcecode.swift; path = SubCategory.swift; sourceTree = "<group>"; };
		3D2BC3FB295ACF7E00CE4AE6 /* SubCategoryCell.swift */ = {isa = PBXFileReference; lastKnownFileType = sourcecode.swift; path = SubCategoryCell.swift; sourceTree = "<group>"; };
		3D2C4FF9296549A5007215E4 /* SignUpViewController.swift */ = {isa = PBXFileReference; lastKnownFileType = sourcecode.swift; path = SignUpViewController.swift; sourceTree = "<group>"; };
		3D2C4FFB29655B2C007215E4 /* AccountBook.entitlements */ = {isa = PBXFileReference; lastKnownFileType = text.plist.entitlements; path = AccountBook.entitlements; sourceTree = "<group>"; };
		3D39B779292CF892007AE783 /* AccountBook.app */ = {isa = PBXFileReference; explicitFileType = wrapper.application; includeInIndex = 0; path = AccountBook.app; sourceTree = BUILT_PRODUCTS_DIR; };
		3D39B77C292CF892007AE783 /* AppDelegate.swift */ = {isa = PBXFileReference; lastKnownFileType = sourcecode.swift; path = AppDelegate.swift; sourceTree = "<group>"; };
		3D39B77E292CF892007AE783 /* SceneDelegate.swift */ = {isa = PBXFileReference; lastKnownFileType = sourcecode.swift; path = SceneDelegate.swift; sourceTree = "<group>"; };
		3D39B783292CF892007AE783 /* Base */ = {isa = PBXFileReference; lastKnownFileType = file.storyboard; name = Base; path = Base.lproj/Main.storyboard; sourceTree = "<group>"; };
		3D39B785292CF893007AE783 /* Assets.xcassets */ = {isa = PBXFileReference; lastKnownFileType = folder.assetcatalog; path = Assets.xcassets; sourceTree = "<group>"; };
		3D39B788292CF893007AE783 /* Base */ = {isa = PBXFileReference; lastKnownFileType = file.storyboard; name = Base; path = Base.lproj/LaunchScreen.storyboard; sourceTree = "<group>"; };
		3D39B78A292CF893007AE783 /* Info.plist */ = {isa = PBXFileReference; lastKnownFileType = text.plist.xml; path = Info.plist; sourceTree = "<group>"; };
		3D39B78F292CF893007AE783 /* AccountBookTests.xctest */ = {isa = PBXFileReference; explicitFileType = wrapper.cfbundle; includeInIndex = 0; path = AccountBookTests.xctest; sourceTree = BUILT_PRODUCTS_DIR; };
		3D39B793292CF893007AE783 /* AccountBookTests.swift */ = {isa = PBXFileReference; lastKnownFileType = sourcecode.swift; path = AccountBookTests.swift; sourceTree = "<group>"; };
		3D39B799292CF893007AE783 /* AccountBookUITests.xctest */ = {isa = PBXFileReference; explicitFileType = wrapper.cfbundle; includeInIndex = 0; path = AccountBookUITests.xctest; sourceTree = BUILT_PRODUCTS_DIR; };
		3D39B79D292CF893007AE783 /* AccountBookUITests.swift */ = {isa = PBXFileReference; lastKnownFileType = sourcecode.swift; path = AccountBookUITests.swift; sourceTree = "<group>"; };
		3D39B79F292CF893007AE783 /* AccountBookUITestsLaunchTests.swift */ = {isa = PBXFileReference; lastKnownFileType = sourcecode.swift; path = AccountBookUITestsLaunchTests.swift; sourceTree = "<group>"; };
		3D39B7AC292CF8BF007AE783 /* AccountBook.swift */ = {isa = PBXFileReference; lastKnownFileType = sourcecode.swift; path = AccountBook.swift; sourceTree = "<group>"; };
		3D39B7AF292CFE3E007AE783 /* AccountBookListViewController.swift */ = {isa = PBXFileReference; lastKnownFileType = sourcecode.swift; path = AccountBookListViewController.swift; sourceTree = "<group>"; };
		3D39B7B2292D02C3007AE783 /* SummaryCell.swift */ = {isa = PBXFileReference; lastKnownFileType = sourcecode.swift; path = SummaryCell.swift; sourceTree = "<group>"; };
		3D51CC1C293F7BFD005620C2 /* NewContentViewController.swift */ = {isa = PBXFileReference; lastKnownFileType = sourcecode.swift; path = NewContentViewController.swift; sourceTree = "<group>"; };
		3D51CC1E293F84C3005620C2 /* NewAccountBookViewModel.swift */ = {isa = PBXFileReference; lastKnownFileType = sourcecode.swift; path = NewAccountBookViewModel.swift; sourceTree = "<group>"; };
		3D63E75F2963C38A00CD742E /* Login.storyboard */ = {isa = PBXFileReference; lastKnownFileType = file.storyboard; path = Login.storyboard; sourceTree = "<group>"; };
		3D63E7612963C3A300CD742E /* LoginViewController.swift */ = {isa = PBXFileReference; lastKnownFileType = sourcecode.swift; path = LoginViewController.swift; sourceTree = "<group>"; };
		3D653B91293C7FEC005365AC /* NewAccountBook.storyboard */ = {isa = PBXFileReference; lastKnownFileType = file.storyboard; path = NewAccountBook.storyboard; sourceTree = "<group>"; };
		3D653B93293C801A005365AC /* NewAccountBookViewController.swift */ = {isa = PBXFileReference; lastKnownFileType = sourcecode.swift; path = NewAccountBookViewController.swift; sourceTree = "<group>"; };
		3D67F04F293633E500095700 /* Summary.swift */ = {isa = PBXFileReference; lastKnownFileType = sourcecode.swift; path = Summary.swift; sourceTree = "<group>"; };
		3DC7D1BB292D1706008C5D7A /* AccountBookListViewModel.swift */ = {isa = PBXFileReference; lastKnownFileType = sourcecode.swift; path = AccountBookListViewModel.swift; sourceTree = "<group>"; };
		3DC7D1BD292D1B82008C5D7A /* AccountBookListCell.swift */ = {isa = PBXFileReference; lastKnownFileType = sourcecode.swift; path = AccountBookListCell.swift; sourceTree = "<group>"; };
		3DEA1ED529437FDE0059F6C7 /* GoogleService-Info.plist */ = {isa = PBXFileReference; fileEncoding = 4; lastKnownFileType = text.plist.xml; name = "GoogleService-Info.plist"; path = "../../../../Downloads/GoogleService-Info.plist"; sourceTree = "<group>"; };
		47F22BFAF6368A1190E91D5B /* Pods-AccountBook.debug.xcconfig */ = {isa = PBXFileReference; includeInIndex = 1; lastKnownFileType = text.xcconfig; name = "Pods-AccountBook.debug.xcconfig"; path = "Target Support Files/Pods-AccountBook/Pods-AccountBook.debug.xcconfig"; sourceTree = "<group>"; };
		4EFDA44EFE80C29B4DD66286 /* Pods-AccountBookTests.debug.xcconfig */ = {isa = PBXFileReference; includeInIndex = 1; lastKnownFileType = text.xcconfig; name = "Pods-AccountBookTests.debug.xcconfig"; path = "Target Support Files/Pods-AccountBookTests/Pods-AccountBookTests.debug.xcconfig"; sourceTree = "<group>"; };
		8BB12BFDA15F493901F5DCC9 /* Pods-AccountBook-AccountBookUITests.debug.xcconfig */ = {isa = PBXFileReference; includeInIndex = 1; lastKnownFileType = text.xcconfig; name = "Pods-AccountBook-AccountBookUITests.debug.xcconfig"; path = "Target Support Files/Pods-AccountBook-AccountBookUITests/Pods-AccountBook-AccountBookUITests.debug.xcconfig"; sourceTree = "<group>"; };
		9ABA34015DF8FF5919D5CA09 /* Pods_AccountBook.framework */ = {isa = PBXFileReference; explicitFileType = wrapper.framework; includeInIndex = 0; path = Pods_AccountBook.framework; sourceTree = BUILT_PRODUCTS_DIR; };
		B08DEE36FC200540D4C346E2 /* Pods-AccountBookTests.release.xcconfig */ = {isa = PBXFileReference; includeInIndex = 1; lastKnownFileType = text.xcconfig; name = "Pods-AccountBookTests.release.xcconfig"; path = "Target Support Files/Pods-AccountBookTests/Pods-AccountBookTests.release.xcconfig"; sourceTree = "<group>"; };
		E383F18F5D5DA25CDBF0548F /* Pods_AccountBook_AccountBookUITests.framework */ = {isa = PBXFileReference; explicitFileType = wrapper.framework; includeInIndex = 0; path = Pods_AccountBook_AccountBookUITests.framework; sourceTree = BUILT_PRODUCTS_DIR; };
		EE7D704507DDE46B56FD40E6 /* Pods_AccountBookTests.framework */ = {isa = PBXFileReference; explicitFileType = wrapper.framework; includeInIndex = 0; path = Pods_AccountBookTests.framework; sourceTree = BUILT_PRODUCTS_DIR; };
/* End PBXFileReference section */

/* Begin PBXFrameworksBuildPhase section */
		3D39B776292CF892007AE783 /* Frameworks */ = {
			isa = PBXFrameworksBuildPhase;
			buildActionMask = 2147483647;
			files = (
				3B1706A112A7C3E457B01A05 /* Pods_AccountBook.framework in Frameworks */,
			);
			runOnlyForDeploymentPostprocessing = 0;
		};
		3D39B78C292CF893007AE783 /* Frameworks */ = {
			isa = PBXFrameworksBuildPhase;
			buildActionMask = 2147483647;
			files = (
				3BA85020CAF598B0ACE362A2 /* Pods_AccountBookTests.framework in Frameworks */,
			);
			runOnlyForDeploymentPostprocessing = 0;
		};
		3D39B796292CF893007AE783 /* Frameworks */ = {
			isa = PBXFrameworksBuildPhase;
			buildActionMask = 2147483647;
			files = (
				DFEC2C793AAE42118F5E0B7B /* Pods_AccountBook_AccountBookUITests.framework in Frameworks */,
			);
			runOnlyForDeploymentPostprocessing = 0;
		};
/* End PBXFrameworksBuildPhase section */

/* Begin PBXGroup section */
		3D39B770292CF892007AE783 = {
			isa = PBXGroup;
			children = (
				3D39B77B292CF892007AE783 /* AccountBook */,
				3D39B792292CF893007AE783 /* AccountBookTests */,
				3D39B79C292CF893007AE783 /* AccountBookUITests */,
				3D39B77A292CF892007AE783 /* Products */,
				668847DCEB6D7BB7C92471CA /* Pods */,
				56C4660D458A8D5DEA9ED402 /* Frameworks */,
			);
			sourceTree = "<group>";
		};
		3D39B77A292CF892007AE783 /* Products */ = {
			isa = PBXGroup;
			children = (
				3D39B779292CF892007AE783 /* AccountBook.app */,
				3D39B78F292CF893007AE783 /* AccountBookTests.xctest */,
				3D39B799292CF893007AE783 /* AccountBookUITests.xctest */,
			);
			name = Products;
			sourceTree = "<group>";
		};
		3D39B77B292CF892007AE783 /* AccountBook */ = {
			isa = PBXGroup;
			children = (
				3D2C4FFB29655B2C007215E4 /* AccountBook.entitlements */,
				3DEA1ED529437FDE0059F6C7 /* GoogleService-Info.plist */,
				3D39B77C292CF892007AE783 /* AppDelegate.swift */,
				3D39B77E292CF892007AE783 /* SceneDelegate.swift */,
				3D63E75E2963C37000CD742E /* Login */,
				3D39B7B1292D028B007AE783 /* Home */,
				3D653B95293C8024005365AC /* New Account Book */,
				3D39B7AE292CFA08007AE783 /* Model */,
				3D39B785292CF893007AE783 /* Assets.xcassets */,
				3D39B787292CF893007AE783 /* LaunchScreen.storyboard */,
				3D39B78A292CF893007AE783 /* Info.plist */,
			);
			path = AccountBook;
			sourceTree = "<group>";
		};
		3D39B792292CF893007AE783 /* AccountBookTests */ = {
			isa = PBXGroup;
			children = (
				3D39B793292CF893007AE783 /* AccountBookTests.swift */,
			);
			path = AccountBookTests;
			sourceTree = "<group>";
		};
		3D39B79C292CF893007AE783 /* AccountBookUITests */ = {
			isa = PBXGroup;
			children = (
				3D39B79D292CF893007AE783 /* AccountBookUITests.swift */,
				3D39B79F292CF893007AE783 /* AccountBookUITestsLaunchTests.swift */,
			);
			path = AccountBookUITests;
			sourceTree = "<group>";
		};
		3D39B7AE292CFA08007AE783 /* Model */ = {
			isa = PBXGroup;
			children = (
				3D39B7AC292CF8BF007AE783 /* AccountBook.swift */,
				3D67F04F293633E500095700 /* Summary.swift */,
				3D2BC3F9295AC9EF00CE4AE6 /* SubCategory.swift */,
			);
			path = Model;
			sourceTree = "<group>";
		};
		3D39B7B1292D028B007AE783 /* Home */ = {
			isa = PBXGroup;
			children = (
				3D39B782292CF892007AE783 /* Main.storyboard */,
				3D39B7AF292CFE3E007AE783 /* AccountBookListViewController.swift */,
				3D39B7B2292D02C3007AE783 /* SummaryCell.swift */,
				3DC7D1BD292D1B82008C5D7A /* AccountBookListCell.swift */,
				3DC7D1BB292D1706008C5D7A /* AccountBookListViewModel.swift */,
			);
			path = Home;
			sourceTree = "<group>";
		};
		3D63E75E2963C37000CD742E /* Login */ = {
			isa = PBXGroup;
			children = (
				3D63E75F2963C38A00CD742E /* Login.storyboard */,
				3D63E7612963C3A300CD742E /* LoginViewController.swift */,
				3D2C4FF9296549A5007215E4 /* SignUpViewController.swift */,
			);
			path = Login;
			sourceTree = "<group>";
		};
		3D653B95293C8024005365AC /* New Account Book */ = {
			isa = PBXGroup;
			children = (
				3D653B91293C7FEC005365AC /* NewAccountBook.storyboard */,
				3D653B93293C801A005365AC /* NewAccountBookViewController.swift */,
				3D51CC1C293F7BFD005620C2 /* NewContentViewController.swift */,
				3D2BC3F7295AC66600CE4AE6 /* NewSubcategoryViewController.swift */,
				3D2BC3FB295ACF7E00CE4AE6 /* SubCategoryCell.swift */,
				3D51CC1E293F84C3005620C2 /* NewAccountBookViewModel.swift */,
			);
			path = "New Account Book";
			sourceTree = "<group>";
		};
		56C4660D458A8D5DEA9ED402 /* Frameworks */ = {
			isa = PBXGroup;
			children = (
				9ABA34015DF8FF5919D5CA09 /* Pods_AccountBook.framework */,
				E383F18F5D5DA25CDBF0548F /* Pods_AccountBook_AccountBookUITests.framework */,
				EE7D704507DDE46B56FD40E6 /* Pods_AccountBookTests.framework */,
			);
			name = Frameworks;
			sourceTree = "<group>";
		};
		668847DCEB6D7BB7C92471CA /* Pods */ = {
			isa = PBXGroup;
			children = (
				47F22BFAF6368A1190E91D5B /* Pods-AccountBook.debug.xcconfig */,
				3B17E897DE8D4FCFAAAE22AF /* Pods-AccountBook.release.xcconfig */,
				8BB12BFDA15F493901F5DCC9 /* Pods-AccountBook-AccountBookUITests.debug.xcconfig */,
				1C89611A2D8B45BCF9CD4EFF /* Pods-AccountBook-AccountBookUITests.release.xcconfig */,
				4EFDA44EFE80C29B4DD66286 /* Pods-AccountBookTests.debug.xcconfig */,
				B08DEE36FC200540D4C346E2 /* Pods-AccountBookTests.release.xcconfig */,
			);
			path = Pods;
			sourceTree = "<group>";
		};
/* End PBXGroup section */

/* Begin PBXNativeTarget section */
		3D39B778292CF892007AE783 /* AccountBook */ = {
			isa = PBXNativeTarget;
			buildConfigurationList = 3D39B7A3292CF893007AE783 /* Build configuration list for PBXNativeTarget "AccountBook" */;
			buildPhases = (
				996D90B5FBBAB7BAD92DD558 /* [CP] Check Pods Manifest.lock */,
				3D39B775292CF892007AE783 /* Sources */,
				3D39B776292CF892007AE783 /* Frameworks */,
				3D39B777292CF892007AE783 /* Resources */,
				589ED50143B5AE4D2C6BB91B /* [CP] Embed Pods Frameworks */,
			);
			buildRules = (
			);
			dependencies = (
			);
			name = AccountBook;
			productName = AccountBook;
			productReference = 3D39B779292CF892007AE783 /* AccountBook.app */;
			productType = "com.apple.product-type.application";
		};
		3D39B78E292CF893007AE783 /* AccountBookTests */ = {
			isa = PBXNativeTarget;
			buildConfigurationList = 3D39B7A6292CF893007AE783 /* Build configuration list for PBXNativeTarget "AccountBookTests" */;
			buildPhases = (
				C2FDFABB56ADDA9D7F240972 /* [CP] Check Pods Manifest.lock */,
				3D39B78B292CF893007AE783 /* Sources */,
				3D39B78C292CF893007AE783 /* Frameworks */,
				3D39B78D292CF893007AE783 /* Resources */,
			);
			buildRules = (
			);
			dependencies = (
				3D39B791292CF893007AE783 /* PBXTargetDependency */,
			);
			name = AccountBookTests;
			productName = AccountBookTests;
			productReference = 3D39B78F292CF893007AE783 /* AccountBookTests.xctest */;
			productType = "com.apple.product-type.bundle.unit-test";
		};
		3D39B798292CF893007AE783 /* AccountBookUITests */ = {
			isa = PBXNativeTarget;
			buildConfigurationList = 3D39B7A9292CF893007AE783 /* Build configuration list for PBXNativeTarget "AccountBookUITests" */;
			buildPhases = (
				340513C23A09A82B498462AE /* [CP] Check Pods Manifest.lock */,
				3D39B795292CF893007AE783 /* Sources */,
				3D39B796292CF893007AE783 /* Frameworks */,
				3D39B797292CF893007AE783 /* Resources */,
				723A66A66E2BBAD1DE2B9EE0 /* [CP] Embed Pods Frameworks */,
			);
			buildRules = (
			);
			dependencies = (
				3D39B79B292CF893007AE783 /* PBXTargetDependency */,
			);
			name = AccountBookUITests;
			productName = AccountBookUITests;
			productReference = 3D39B799292CF893007AE783 /* AccountBookUITests.xctest */;
			productType = "com.apple.product-type.bundle.ui-testing";
		};
/* End PBXNativeTarget section */

/* Begin PBXProject section */
		3D39B771292CF892007AE783 /* Project object */ = {
			isa = PBXProject;
			attributes = {
				BuildIndependentTargetsInParallel = 1;
				LastSwiftUpdateCheck = 1400;
				LastUpgradeCheck = 1400;
				TargetAttributes = {
					3D39B778292CF892007AE783 = {
						CreatedOnToolsVersion = 14.0.1;
					};
					3D39B78E292CF893007AE783 = {
						CreatedOnToolsVersion = 14.0.1;
						TestTargetID = 3D39B778292CF892007AE783;
					};
					3D39B798292CF893007AE783 = {
						CreatedOnToolsVersion = 14.0.1;
						TestTargetID = 3D39B778292CF892007AE783;
					};
				};
			};
			buildConfigurationList = 3D39B774292CF892007AE783 /* Build configuration list for PBXProject "AccountBook" */;
			compatibilityVersion = "Xcode 14.0";
			developmentRegion = en;
			hasScannedForEncodings = 0;
			knownRegions = (
				en,
				Base,
			);
			mainGroup = 3D39B770292CF892007AE783;
			productRefGroup = 3D39B77A292CF892007AE783 /* Products */;
			projectDirPath = "";
			projectRoot = "";
			targets = (
				3D39B778292CF892007AE783 /* AccountBook */,
				3D39B78E292CF893007AE783 /* AccountBookTests */,
				3D39B798292CF893007AE783 /* AccountBookUITests */,
			);
		};
/* End PBXProject section */

/* Begin PBXResourcesBuildPhase section */
		3D39B777292CF892007AE783 /* Resources */ = {
			isa = PBXResourcesBuildPhase;
			buildActionMask = 2147483647;
			files = (
				3D39B789292CF893007AE783 /* LaunchScreen.storyboard in Resources */,
				3D653B92293C7FEC005365AC /* NewAccountBook.storyboard in Resources */,
				3D63E7602963C38A00CD742E /* Login.storyboard in Resources */,
				3DEA1ED629437FDE0059F6C7 /* GoogleService-Info.plist in Resources */,
				3D39B786292CF893007AE783 /* Assets.xcassets in Resources */,
				3D39B784292CF892007AE783 /* Main.storyboard in Resources */,
			);
			runOnlyForDeploymentPostprocessing = 0;
		};
		3D39B78D292CF893007AE783 /* Resources */ = {
			isa = PBXResourcesBuildPhase;
			buildActionMask = 2147483647;
			files = (
			);
			runOnlyForDeploymentPostprocessing = 0;
		};
		3D39B797292CF893007AE783 /* Resources */ = {
			isa = PBXResourcesBuildPhase;
			buildActionMask = 2147483647;
			files = (
			);
			runOnlyForDeploymentPostprocessing = 0;
		};
/* End PBXResourcesBuildPhase section */

/* Begin PBXShellScriptBuildPhase section */
		340513C23A09A82B498462AE /* [CP] Check Pods Manifest.lock */ = {
			isa = PBXShellScriptBuildPhase;
			buildActionMask = 2147483647;
			files = (
			);
			inputFileListPaths = (
			);
			inputPaths = (
				"${PODS_PODFILE_DIR_PATH}/Podfile.lock",
				"${PODS_ROOT}/Manifest.lock",
			);
			name = "[CP] Check Pods Manifest.lock";
			outputFileListPaths = (
			);
			outputPaths = (
				"$(DERIVED_FILE_DIR)/Pods-AccountBook-AccountBookUITests-checkManifestLockResult.txt",
			);
			runOnlyForDeploymentPostprocessing = 0;
			shellPath = /bin/sh;
			shellScript = "diff \"${PODS_PODFILE_DIR_PATH}/Podfile.lock\" \"${PODS_ROOT}/Manifest.lock\" > /dev/null\nif [ $? != 0 ] ; then\n    # print error to STDERR\n    echo \"error: The sandbox is not in sync with the Podfile.lock. Run 'pod install' or update your CocoaPods installation.\" >&2\n    exit 1\nfi\n# This output is used by Xcode 'outputs' to avoid re-running this script phase.\necho \"SUCCESS\" > \"${SCRIPT_OUTPUT_FILE_0}\"\n";
			showEnvVarsInLog = 0;
		};
		589ED50143B5AE4D2C6BB91B /* [CP] Embed Pods Frameworks */ = {
			isa = PBXShellScriptBuildPhase;
			buildActionMask = 2147483647;
			files = (
			);
			inputFileListPaths = (
				"${PODS_ROOT}/Target Support Files/Pods-AccountBook/Pods-AccountBook-frameworks-${CONFIGURATION}-input-files.xcfilelist",
			);
			name = "[CP] Embed Pods Frameworks";
			outputFileListPaths = (
				"${PODS_ROOT}/Target Support Files/Pods-AccountBook/Pods-AccountBook-frameworks-${CONFIGURATION}-output-files.xcfilelist",
			);
			runOnlyForDeploymentPostprocessing = 0;
			shellPath = /bin/sh;
			shellScript = "\"${PODS_ROOT}/Target Support Files/Pods-AccountBook/Pods-AccountBook-frameworks.sh\"\n";
			showEnvVarsInLog = 0;
		};
		723A66A66E2BBAD1DE2B9EE0 /* [CP] Embed Pods Frameworks */ = {
			isa = PBXShellScriptBuildPhase;
			buildActionMask = 2147483647;
			files = (
			);
			inputFileListPaths = (
				"${PODS_ROOT}/Target Support Files/Pods-AccountBook-AccountBookUITests/Pods-AccountBook-AccountBookUITests-frameworks-${CONFIGURATION}-input-files.xcfilelist",
			);
			name = "[CP] Embed Pods Frameworks";
			outputFileListPaths = (
				"${PODS_ROOT}/Target Support Files/Pods-AccountBook-AccountBookUITests/Pods-AccountBook-AccountBookUITests-frameworks-${CONFIGURATION}-output-files.xcfilelist",
			);
			runOnlyForDeploymentPostprocessing = 0;
			shellPath = /bin/sh;
			shellScript = "\"${PODS_ROOT}/Target Support Files/Pods-AccountBook-AccountBookUITests/Pods-AccountBook-AccountBookUITests-frameworks.sh\"\n";
			showEnvVarsInLog = 0;
		};
		996D90B5FBBAB7BAD92DD558 /* [CP] Check Pods Manifest.lock */ = {
			isa = PBXShellScriptBuildPhase;
			buildActionMask = 2147483647;
			files = (
			);
			inputFileListPaths = (
			);
			inputPaths = (
				"${PODS_PODFILE_DIR_PATH}/Podfile.lock",
				"${PODS_ROOT}/Manifest.lock",
			);
			name = "[CP] Check Pods Manifest.lock";
			outputFileListPaths = (
			);
			outputPaths = (
				"$(DERIVED_FILE_DIR)/Pods-AccountBook-checkManifestLockResult.txt",
			);
			runOnlyForDeploymentPostprocessing = 0;
			shellPath = /bin/sh;
			shellScript = "diff \"${PODS_PODFILE_DIR_PATH}/Podfile.lock\" \"${PODS_ROOT}/Manifest.lock\" > /dev/null\nif [ $? != 0 ] ; then\n    # print error to STDERR\n    echo \"error: The sandbox is not in sync with the Podfile.lock. Run 'pod install' or update your CocoaPods installation.\" >&2\n    exit 1\nfi\n# This output is used by Xcode 'outputs' to avoid re-running this script phase.\necho \"SUCCESS\" > \"${SCRIPT_OUTPUT_FILE_0}\"\n";
			showEnvVarsInLog = 0;
		};
		C2FDFABB56ADDA9D7F240972 /* [CP] Check Pods Manifest.lock */ = {
			isa = PBXShellScriptBuildPhase;
			buildActionMask = 2147483647;
			files = (
			);
			inputFileListPaths = (
			);
			inputPaths = (
				"${PODS_PODFILE_DIR_PATH}/Podfile.lock",
				"${PODS_ROOT}/Manifest.lock",
			);
			name = "[CP] Check Pods Manifest.lock";
			outputFileListPaths = (
			);
			outputPaths = (
				"$(DERIVED_FILE_DIR)/Pods-AccountBookTests-checkManifestLockResult.txt",
			);
			runOnlyForDeploymentPostprocessing = 0;
			shellPath = /bin/sh;
			shellScript = "diff \"${PODS_PODFILE_DIR_PATH}/Podfile.lock\" \"${PODS_ROOT}/Manifest.lock\" > /dev/null\nif [ $? != 0 ] ; then\n    # print error to STDERR\n    echo \"error: The sandbox is not in sync with the Podfile.lock. Run 'pod install' or update your CocoaPods installation.\" >&2\n    exit 1\nfi\n# This output is used by Xcode 'outputs' to avoid re-running this script phase.\necho \"SUCCESS\" > \"${SCRIPT_OUTPUT_FILE_0}\"\n";
			showEnvVarsInLog = 0;
		};
/* End PBXShellScriptBuildPhase section */

/* Begin PBXSourcesBuildPhase section */
		3D39B775292CF892007AE783 /* Sources */ = {
			isa = PBXSourcesBuildPhase;
			buildActionMask = 2147483647;
			files = (
				3D2BC3FA295AC9EF00CE4AE6 /* SubCategory.swift in Sources */,
				3DC7D1BE292D1B82008C5D7A /* AccountBookListCell.swift in Sources */,
				3D39B7B0292CFE3E007AE783 /* AccountBookListViewController.swift in Sources */,
				3D63E7622963C3A300CD742E /* LoginViewController.swift in Sources */,
				3D39B7AD292CF8BF007AE783 /* AccountBook.swift in Sources */,
				3D39B77D292CF892007AE783 /* AppDelegate.swift in Sources */,
				3D653B94293C801A005365AC /* NewAccountBookViewController.swift in Sources */,
				3DC7D1BC292D1706008C5D7A /* AccountBookListViewModel.swift in Sources */,
				3D51CC1F293F84C3005620C2 /* NewAccountBookViewModel.swift in Sources */,
				3D2BC3FC295ACF7E00CE4AE6 /* SubCategoryCell.swift in Sources */,
				3D39B77F292CF892007AE783 /* SceneDelegate.swift in Sources */,
				3D67F050293633E500095700 /* Summary.swift in Sources */,
				3D2C4FFA296549A5007215E4 /* SignUpViewController.swift in Sources */,
				3D39B7B3292D02C3007AE783 /* SummaryCell.swift in Sources */,
				3D2BC3F8295AC66600CE4AE6 /* NewSubcategoryViewController.swift in Sources */,
				3D51CC1D293F7BFD005620C2 /* NewContentViewController.swift in Sources */,
			);
			runOnlyForDeploymentPostprocessing = 0;
		};
		3D39B78B292CF893007AE783 /* Sources */ = {
			isa = PBXSourcesBuildPhase;
			buildActionMask = 2147483647;
			files = (
				3D39B794292CF893007AE783 /* AccountBookTests.swift in Sources */,
			);
			runOnlyForDeploymentPostprocessing = 0;
		};
		3D39B795292CF893007AE783 /* Sources */ = {
			isa = PBXSourcesBuildPhase;
			buildActionMask = 2147483647;
			files = (
				3D39B79E292CF893007AE783 /* AccountBookUITests.swift in Sources */,
				3D39B7A0292CF893007AE783 /* AccountBookUITestsLaunchTests.swift in Sources */,
			);
			runOnlyForDeploymentPostprocessing = 0;
		};
/* End PBXSourcesBuildPhase section */

/* Begin PBXTargetDependency section */
		3D39B791292CF893007AE783 /* PBXTargetDependency */ = {
			isa = PBXTargetDependency;
			target = 3D39B778292CF892007AE783 /* AccountBook */;
			targetProxy = 3D39B790292CF893007AE783 /* PBXContainerItemProxy */;
		};
		3D39B79B292CF893007AE783 /* PBXTargetDependency */ = {
			isa = PBXTargetDependency;
			target = 3D39B778292CF892007AE783 /* AccountBook */;
			targetProxy = 3D39B79A292CF893007AE783 /* PBXContainerItemProxy */;
		};
/* End PBXTargetDependency section */

/* Begin PBXVariantGroup section */
		3D39B782292CF892007AE783 /* Main.storyboard */ = {
			isa = PBXVariantGroup;
			children = (
				3D39B783292CF892007AE783 /* Base */,
			);
			name = Main.storyboard;
			sourceTree = "<group>";
		};
		3D39B787292CF893007AE783 /* LaunchScreen.storyboard */ = {
			isa = PBXVariantGroup;
			children = (
				3D39B788292CF893007AE783 /* Base */,
			);
			name = LaunchScreen.storyboard;
			sourceTree = "<group>";
		};
/* End PBXVariantGroup section */

/* Begin XCBuildConfiguration section */
		3D39B7A1292CF893007AE783 /* Debug */ = {
			isa = XCBuildConfiguration;
			buildSettings = {
				ALWAYS_EMBED_SWIFT_STANDARD_LIBRARIES = YES;
				ALWAYS_SEARCH_USER_PATHS = NO;
				CLANG_ANALYZER_NONNULL = YES;
				CLANG_ANALYZER_NUMBER_OBJECT_CONVERSION = YES_AGGRESSIVE;
				CLANG_CXX_LANGUAGE_STANDARD = "gnu++20";
				CLANG_ENABLE_MODULES = YES;
				CLANG_ENABLE_OBJC_ARC = YES;
				CLANG_ENABLE_OBJC_WEAK = YES;
				CLANG_WARN_BLOCK_CAPTURE_AUTORELEASING = YES;
				CLANG_WARN_BOOL_CONVERSION = YES;
				CLANG_WARN_COMMA = YES;
				CLANG_WARN_CONSTANT_CONVERSION = YES;
				CLANG_WARN_DEPRECATED_OBJC_IMPLEMENTATIONS = YES;
				CLANG_WARN_DIRECT_OBJC_ISA_USAGE = YES_ERROR;
				CLANG_WARN_DOCUMENTATION_COMMENTS = YES;
				CLANG_WARN_EMPTY_BODY = YES;
				CLANG_WARN_ENUM_CONVERSION = YES;
				CLANG_WARN_INFINITE_RECURSION = YES;
				CLANG_WARN_INT_CONVERSION = YES;
				CLANG_WARN_NON_LITERAL_NULL_CONVERSION = YES;
				CLANG_WARN_OBJC_IMPLICIT_RETAIN_SELF = YES;
				CLANG_WARN_OBJC_LITERAL_CONVERSION = YES;
				CLANG_WARN_OBJC_ROOT_CLASS = YES_ERROR;
				CLANG_WARN_QUOTED_INCLUDE_IN_FRAMEWORK_HEADER = YES;
				CLANG_WARN_RANGE_LOOP_ANALYSIS = YES;
				CLANG_WARN_STRICT_PROTOTYPES = YES;
				CLANG_WARN_SUSPICIOUS_MOVE = YES;
				CLANG_WARN_UNGUARDED_AVAILABILITY = YES_AGGRESSIVE;
				CLANG_WARN_UNREACHABLE_CODE = YES;
				CLANG_WARN__DUPLICATE_METHOD_MATCH = YES;
				COPY_PHASE_STRIP = NO;
				DEBUG_INFORMATION_FORMAT = dwarf;
				ENABLE_STRICT_OBJC_MSGSEND = YES;
				ENABLE_TESTABILITY = YES;
				EXCLUDED_ARCHS = "";
				GCC_C_LANGUAGE_STANDARD = gnu11;
				GCC_DYNAMIC_NO_PIC = NO;
				GCC_NO_COMMON_BLOCKS = YES;
				GCC_OPTIMIZATION_LEVEL = 0;
				GCC_PREPROCESSOR_DEFINITIONS = (
					"DEBUG=1",
					"$(inherited)",
				);
				GCC_WARN_64_TO_32_BIT_CONVERSION = YES;
				GCC_WARN_ABOUT_RETURN_TYPE = YES_ERROR;
				GCC_WARN_UNDECLARED_SELECTOR = YES;
				GCC_WARN_UNINITIALIZED_AUTOS = YES_AGGRESSIVE;
				GCC_WARN_UNUSED_FUNCTION = YES;
				GCC_WARN_UNUSED_VARIABLE = YES;
				IPHONEOS_DEPLOYMENT_TARGET = 16.0;
				MTL_ENABLE_DEBUG_INFO = INCLUDE_SOURCE;
				MTL_FAST_MATH = YES;
				ONLY_ACTIVE_ARCH = YES;
				SDKROOT = iphoneos;
				SWIFT_ACTIVE_COMPILATION_CONDITIONS = DEBUG;
				SWIFT_OPTIMIZATION_LEVEL = "-Onone";
			};
			name = Debug;
		};
		3D39B7A2292CF893007AE783 /* Release */ = {
			isa = XCBuildConfiguration;
			buildSettings = {
				ALWAYS_EMBED_SWIFT_STANDARD_LIBRARIES = YES;
				ALWAYS_SEARCH_USER_PATHS = NO;
				CLANG_ANALYZER_NONNULL = YES;
				CLANG_ANALYZER_NUMBER_OBJECT_CONVERSION = YES_AGGRESSIVE;
				CLANG_CXX_LANGUAGE_STANDARD = "gnu++20";
				CLANG_ENABLE_MODULES = YES;
				CLANG_ENABLE_OBJC_ARC = YES;
				CLANG_ENABLE_OBJC_WEAK = YES;
				CLANG_WARN_BLOCK_CAPTURE_AUTORELEASING = YES;
				CLANG_WARN_BOOL_CONVERSION = YES;
				CLANG_WARN_COMMA = YES;
				CLANG_WARN_CONSTANT_CONVERSION = YES;
				CLANG_WARN_DEPRECATED_OBJC_IMPLEMENTATIONS = YES;
				CLANG_WARN_DIRECT_OBJC_ISA_USAGE = YES_ERROR;
				CLANG_WARN_DOCUMENTATION_COMMENTS = YES;
				CLANG_WARN_EMPTY_BODY = YES;
				CLANG_WARN_ENUM_CONVERSION = YES;
				CLANG_WARN_INFINITE_RECURSION = YES;
				CLANG_WARN_INT_CONVERSION = YES;
				CLANG_WARN_NON_LITERAL_NULL_CONVERSION = YES;
				CLANG_WARN_OBJC_IMPLICIT_RETAIN_SELF = YES;
				CLANG_WARN_OBJC_LITERAL_CONVERSION = YES;
				CLANG_WARN_OBJC_ROOT_CLASS = YES_ERROR;
				CLANG_WARN_QUOTED_INCLUDE_IN_FRAMEWORK_HEADER = YES;
				CLANG_WARN_RANGE_LOOP_ANALYSIS = YES;
				CLANG_WARN_STRICT_PROTOTYPES = YES;
				CLANG_WARN_SUSPICIOUS_MOVE = YES;
				CLANG_WARN_UNGUARDED_AVAILABILITY = YES_AGGRESSIVE;
				CLANG_WARN_UNREACHABLE_CODE = YES;
				CLANG_WARN__DUPLICATE_METHOD_MATCH = YES;
				COPY_PHASE_STRIP = NO;
				DEBUG_INFORMATION_FORMAT = "dwarf-with-dsym";
				ENABLE_NS_ASSERTIONS = NO;
				ENABLE_STRICT_OBJC_MSGSEND = YES;
				EXCLUDED_ARCHS = "";
				GCC_C_LANGUAGE_STANDARD = gnu11;
				GCC_NO_COMMON_BLOCKS = YES;
				GCC_WARN_64_TO_32_BIT_CONVERSION = YES;
				GCC_WARN_ABOUT_RETURN_TYPE = YES_ERROR;
				GCC_WARN_UNDECLARED_SELECTOR = YES;
				GCC_WARN_UNINITIALIZED_AUTOS = YES_AGGRESSIVE;
				GCC_WARN_UNUSED_FUNCTION = YES;
				GCC_WARN_UNUSED_VARIABLE = YES;
				IPHONEOS_DEPLOYMENT_TARGET = 16.0;
				MTL_ENABLE_DEBUG_INFO = NO;
				MTL_FAST_MATH = YES;
				ONLY_ACTIVE_ARCH = YES;
				SDKROOT = iphoneos;
				SWIFT_COMPILATION_MODE = wholemodule;
				SWIFT_OPTIMIZATION_LEVEL = "-O";
				VALIDATE_PRODUCT = YES;
			};
			name = Release;
		};
		3D39B7A4292CF893007AE783 /* Debug */ = {
			isa = XCBuildConfiguration;
			baseConfigurationReference = 47F22BFAF6368A1190E91D5B /* Pods-AccountBook.debug.xcconfig */;
			buildSettings = {
				ASSETCATALOG_COMPILER_APPICON_NAME = AppIcon;
				ASSETCATALOG_COMPILER_GLOBAL_ACCENT_COLOR_NAME = AccentColor;
				CODE_SIGN_ENTITLEMENTS = AccountBook/AccountBook.entitlements;
				CODE_SIGN_STYLE = Automatic;
				CURRENT_PROJECT_VERSION = 1;
				DEVELOPMENT_TEAM = WG887QB5A6;
				EXCLUDED_ARCHS = "";
				GENERATE_INFOPLIST_FILE = YES;
				INFOPLIST_FILE = AccountBook/Info.plist;
				INFOPLIST_KEY_UIApplicationSupportsIndirectInputEvents = YES;
				INFOPLIST_KEY_UILaunchStoryboardName = LaunchScreen;
				INFOPLIST_KEY_UIMainStoryboardFile = Main;
				INFOPLIST_KEY_UISupportedInterfaceOrientations_iPad = "UIInterfaceOrientationPortrait UIInterfaceOrientationPortraitUpsideDown UIInterfaceOrientationLandscapeLeft UIInterfaceOrientationLandscapeRight";
				INFOPLIST_KEY_UISupportedInterfaceOrientations_iPhone = "UIInterfaceOrientationPortrait UIInterfaceOrientationLandscapeLeft UIInterfaceOrientationLandscapeRight";
				IPHONEOS_DEPLOYMENT_TARGET = 15.0;
				LD_RUNPATH_SEARCH_PATHS = (
					"$(inherited)",
					"@executable_path/Frameworks",
				);
				MARKETING_VERSION = 1.0;
				ONLY_ACTIVE_ARCH = YES;
				PRODUCT_BUNDLE_IDENTIFIER = com.meng.AccountBook;
				PRODUCT_NAME = "$(TARGET_NAME)";
				SWIFT_EMIT_LOC_STRINGS = YES;
				SWIFT_VERSION = 5.0;
				TARGETED_DEVICE_FAMILY = "1,2";
			};
			name = Debug;
		};
		3D39B7A5292CF893007AE783 /* Release */ = {
			isa = XCBuildConfiguration;
			baseConfigurationReference = 3B17E897DE8D4FCFAAAE22AF /* Pods-AccountBook.release.xcconfig */;
			buildSettings = {
				ASSETCATALOG_COMPILER_APPICON_NAME = AppIcon;
				ASSETCATALOG_COMPILER_GLOBAL_ACCENT_COLOR_NAME = AccentColor;
				CODE_SIGN_ENTITLEMENTS = AccountBook/AccountBook.entitlements;
				CODE_SIGN_STYLE = Automatic;
				CURRENT_PROJECT_VERSION = 1;
				DEVELOPMENT_TEAM = WG887QB5A6;
				EXCLUDED_ARCHS = "";
				GENERATE_INFOPLIST_FILE = YES;
				INFOPLIST_FILE = AccountBook/Info.plist;
				INFOPLIST_KEY_UIApplicationSupportsIndirectInputEvents = YES;
				INFOPLIST_KEY_UILaunchStoryboardName = LaunchScreen;
				INFOPLIST_KEY_UIMainStoryboardFile = Main;
				INFOPLIST_KEY_UISupportedInterfaceOrientations_iPad = "UIInterfaceOrientationPortrait UIInterfaceOrientationPortraitUpsideDown UIInterfaceOrientationLandscapeLeft UIInterfaceOrientationLandscapeRight";
				INFOPLIST_KEY_UISupportedInterfaceOrientations_iPhone = "UIInterfaceOrientationPortrait UIInterfaceOrientationLandscapeLeft UIInterfaceOrientationLandscapeRight";
				IPHONEOS_DEPLOYMENT_TARGET = 15.0;
				LD_RUNPATH_SEARCH_PATHS = (
					"$(inherited)",
					"@executable_path/Frameworks",
				);
				MARKETING_VERSION = 1.0;
				ONLY_ACTIVE_ARCH = NO;
				PRODUCT_BUNDLE_IDENTIFIER = com.meng.AccountBook;
				PRODUCT_NAME = "$(TARGET_NAME)";
				SWIFT_EMIT_LOC_STRINGS = YES;
				SWIFT_VERSION = 5.0;
				TARGETED_DEVICE_FAMILY = "1,2";
			};
			name = Release;
		};
		3D39B7A7292CF893007AE783 /* Debug */ = {
			isa = XCBuildConfiguration;
			baseConfigurationReference = 4EFDA44EFE80C29B4DD66286 /* Pods-AccountBookTests.debug.xcconfig */;
			buildSettings = {
				ALWAYS_EMBED_SWIFT_STANDARD_LIBRARIES = YES;
				BUNDLE_LOADER = "$(TEST_HOST)";
				CODE_SIGN_STYLE = Automatic;
				CURRENT_PROJECT_VERSION = 1;
				DEVELOPMENT_TEAM = WG887QB5A6;
				GENERATE_INFOPLIST_FILE = YES;
				IPHONEOS_DEPLOYMENT_TARGET = 16.0;
				MARKETING_VERSION = 1.0;
				PRODUCT_BUNDLE_IDENTIFIER = com.meng.AccountBookTests;
				PRODUCT_NAME = "$(TARGET_NAME)";
				SWIFT_EMIT_LOC_STRINGS = NO;
				SWIFT_VERSION = 5.0;
				TARGETED_DEVICE_FAMILY = "1,2";
				TEST_HOST = "$(BUILT_PRODUCTS_DIR)/AccountBook.app/$(BUNDLE_EXECUTABLE_FOLDER_PATH)/AccountBook";
			};
			name = Debug;
		};
		3D39B7A8292CF893007AE783 /* Release */ = {
			isa = XCBuildConfiguration;
			baseConfigurationReference = B08DEE36FC200540D4C346E2 /* Pods-AccountBookTests.release.xcconfig */;
			buildSettings = {
				ALWAYS_EMBED_SWIFT_STANDARD_LIBRARIES = YES;
				BUNDLE_LOADER = "$(TEST_HOST)";
				CODE_SIGN_STYLE = Automatic;
				CURRENT_PROJECT_VERSION = 1;
				DEVELOPMENT_TEAM = WG887QB5A6;
				GENERATE_INFOPLIST_FILE = YES;
				IPHONEOS_DEPLOYMENT_TARGET = 16.0;
				MARKETING_VERSION = 1.0;
				PRODUCT_BUNDLE_IDENTIFIER = com.meng.AccountBookTests;
				PRODUCT_NAME = "$(TARGET_NAME)";
				SWIFT_EMIT_LOC_STRINGS = NO;
				SWIFT_VERSION = 5.0;
				TARGETED_DEVICE_FAMILY = "1,2";
				TEST_HOST = "$(BUILT_PRODUCTS_DIR)/AccountBook.app/$(BUNDLE_EXECUTABLE_FOLDER_PATH)/AccountBook";
			};
			name = Release;
		};
		3D39B7AA292CF893007AE783 /* Debug */ = {
			isa = XCBuildConfiguration;
			baseConfigurationReference = 8BB12BFDA15F493901F5DCC9 /* Pods-AccountBook-AccountBookUITests.debug.xcconfig */;
			buildSettings = {
				ALWAYS_EMBED_SWIFT_STANDARD_LIBRARIES = "$(inherited)";
				CODE_SIGN_STYLE = Automatic;
				CURRENT_PROJECT_VERSION = 1;
				DEVELOPMENT_TEAM = WG887QB5A6;
				GENERATE_INFOPLIST_FILE = YES;
				MARKETING_VERSION = 1.0;
				PRODUCT_BUNDLE_IDENTIFIER = com.meng.AccountBookUITests;
				PRODUCT_NAME = "$(TARGET_NAME)";
				SWIFT_EMIT_LOC_STRINGS = NO;
				SWIFT_VERSION = 5.0;
				TARGETED_DEVICE_FAMILY = "1,2";
				TEST_TARGET_NAME = AccountBook;
			};
			name = Debug;
		};
		3D39B7AB292CF893007AE783 /* Release */ = {
			isa = XCBuildConfiguration;
			baseConfigurationReference = 1C89611A2D8B45BCF9CD4EFF /* Pods-AccountBook-AccountBookUITests.release.xcconfig */;
			buildSettings = {
				ALWAYS_EMBED_SWIFT_STANDARD_LIBRARIES = "$(inherited)";
				CODE_SIGN_STYLE = Automatic;
				CURRENT_PROJECT_VERSION = 1;
				DEVELOPMENT_TEAM = WG887QB5A6;
				GENERATE_INFOPLIST_FILE = YES;
				MARKETING_VERSION = 1.0;
				ONLY_ACTIVE_ARCH = NO;
				PRODUCT_BUNDLE_IDENTIFIER = com.meng.AccountBookUITests;
				PRODUCT_NAME = "$(TARGET_NAME)";
				SWIFT_EMIT_LOC_STRINGS = NO;
				SWIFT_VERSION = 5.0;
				TARGETED_DEVICE_FAMILY = "1,2";
				TEST_TARGET_NAME = AccountBook;
			};
			name = Release;
		};
/* End XCBuildConfiguration section */

/* Begin XCConfigurationList section */
		3D39B774292CF892007AE783 /* Build configuration list for PBXProject "AccountBook" */ = {
			isa = XCConfigurationList;
			buildConfigurations = (
				3D39B7A1292CF893007AE783 /* Debug */,
				3D39B7A2292CF893007AE783 /* Release */,
			);
			defaultConfigurationIsVisible = 0;
			defaultConfigurationName = Release;
		};
		3D39B7A3292CF893007AE783 /* Build configuration list for PBXNativeTarget "AccountBook" */ = {
			isa = XCConfigurationList;
			buildConfigurations = (
				3D39B7A4292CF893007AE783 /* Debug */,
				3D39B7A5292CF893007AE783 /* Release */,
			);
			defaultConfigurationIsVisible = 0;
			defaultConfigurationName = Release;
		};
		3D39B7A6292CF893007AE783 /* Build configuration list for PBXNativeTarget "AccountBookTests" */ = {
			isa = XCConfigurationList;
			buildConfigurations = (
				3D39B7A7292CF893007AE783 /* Debug */,
				3D39B7A8292CF893007AE783 /* Release */,
			);
			defaultConfigurationIsVisible = 0;
			defaultConfigurationName = Release;
		};
		3D39B7A9292CF893007AE783 /* Build configuration list for PBXNativeTarget "AccountBookUITests" */ = {
			isa = XCConfigurationList;
			buildConfigurations = (
				3D39B7AA292CF893007AE783 /* Debug */,
				3D39B7AB292CF893007AE783 /* Release */,
			);
			defaultConfigurationIsVisible = 0;
			defaultConfigurationName = Release;
		};
/* End XCConfigurationList section */
	};
	rootObject = 3D39B771292CF892007AE783 /* Project object */;
}
